
Microsoft Visual Studio Solution File, Format Version 12.00
# Visual Studio 2012
Project("{FAE04EC0-301F-11D3-BF4B-00C04F79EFBC}") = "Site", "Site\Site.csproj", "{F86D939C-A16B-4B49-B122-E9128FD1891F}"
EndProject
Project("{FAE04EC0-301F-11D3-BF4B-00C04F79EFBC}") = "DAL", "DAL\DAL.csproj", "{6CA28B65-84BB-4685-95F8-3BE857D531E7}"
EndProject
Project("{FAE04EC0-301F-11D3-BF4B-00C04F79EFBC}") = "GatewayApiClient", "mundipagg-one-dotnet-master\GatewayApiClient.csproj", "{01BEA37C-0CBB-4DA2-A68B-BE5DDEB9F2CE}"
EndProject
Global
	GlobalSection(SolutionConfigurationPlatforms) = preSolution
		Connectria|Any CPU = Connectria|Any CPU
		Debug|Any CPU = Debug|Any CPU
		Release|Any CPU = Release|Any CPU
		Sandbox|Any CPU = Sandbox|Any CPU
		Staging|Any CPU = Staging|Any CPU
	EndGlobalSection
	GlobalSection(ProjectConfigurationPlatforms) = postSolution
		{F86D939C-A16B-4B49-B122-E9128FD1891F}.Connectria|Any CPU.ActiveCfg = Release|Any CPU
		{F86D939C-A16B-4B49-B122-E9128FD1891F}.Connectria|Any CPU.Build.0 = Release|Any CPU
		{F86D939C-A16B-4B49-B122-E9128FD1891F}.Debug|Any CPU.ActiveCfg = Debug|Any CPU
		{F86D939C-A16B-4B49-B122-E9128FD1891F}.Debug|Any CPU.Build.0 = Debug|Any CPU
		{F86D939C-A16B-4B49-B122-E9128FD1891F}.Release|Any CPU.ActiveCfg = Release|Any CPU
		{F86D939C-A16B-4B49-B122-E9128FD1891F}.Release|Any CPU.Build.0 = Release|Any CPU
		{F86D939C-A16B-4B49-B122-E9128FD1891F}.Sandbox|Any CPU.ActiveCfg = Release|Any CPU
		{F86D939C-A16B-4B49-B122-E9128FD1891F}.Sandbox|Any CPU.Build.0 = Release|Any CPU
		{F86D939C-A16B-4B49-B122-E9128FD1891F}.Staging|Any CPU.ActiveCfg = Release|Any CPU
		{F86D939C-A16B-4B49-B122-E9128FD1891F}.Staging|Any CPU.Build.0 = Release|Any CPU
		{6CA28B65-84BB-4685-95F8-3BE857D531E7}.Connectria|Any CPU.ActiveCfg = Release|Any CPU
		{6CA28B65-84BB-4685-95F8-3BE857D531E7}.Connectria|Any CPU.Build.0 = Release|Any CPU
		{6CA28B65-84BB-4685-95F8-3BE857D531E7}.Debug|Any CPU.ActiveCfg = Debug|Any CPU
		{6CA28B65-84BB-4685-95F8-3BE857D531E7}.Debug|Any CPU.Build.0 = Debug|Any CPU
		{6CA28B65-84BB-4685-95F8-3BE857D531E7}.Release|Any CPU.ActiveCfg = Release|Any CPU
		{6CA28B65-84BB-4685-95F8-3BE857D531E7}.Release|Any CPU.Build.0 = Release|Any CPU
		{6CA28B65-84BB-4685-95F8-3BE857D531E7}.Sandbox|Any CPU.ActiveCfg = Release|Any CPU
		{6CA28B65-84BB-4685-95F8-3BE857D531E7}.Sandbox|Any CPU.Build.0 = Release|Any CPU
		{6CA28B65-84BB-4685-95F8-3BE857D531E7}.Staging|Any CPU.ActiveCfg = Release|Any CPU
		{6CA28B65-84BB-4685-95F8-3BE857D531E7}.Staging|Any CPU.Build.0 = Release|Any CPU
		{01BEA37C-0CBB-4DA2-A68B-BE5DDEB9F2CE}.Connectria|Any CPU.ActiveCfg = Connectria|Any CPU
		{01BEA37C-0CBB-4DA2-A68B-BE5DDEB9F2CE}.Connectria|Any CPU.Build.0 = Connectria|Any CPU
		{01BEA37C-0CBB-4DA2-A68B-BE5DDEB9F2CE}.Debug|Any CPU.ActiveCfg = Debug|Any CPU
		{01BEA37C-0CBB-4DA2-A68B-BE5DDEB9F2CE}.Debug|Any CPU.Build.0 = Debug|Any CPU
		{01BEA37C-0CBB-4DA2-A68B-BE5DDEB9F2CE}.Release|Any CPU.ActiveCfg = Release|Any CPU
		{01BEA37C-0CBB-4DA2-A68B-BE5DDEB9F2CE}.Release|Any CPU.Build.0 = Release|Any CPU
		{01BEA37C-0CBB-4DA2-A68B-BE5DDEB9F2CE}.Sandbox|Any CPU.ActiveCfg = Sandbox|Any CPU
		{01BEA37C-0CBB-4DA2-A68B-BE5DDEB9F2CE}.Sandbox|Any CPU.Build.0 = Sandbox|Any CPU
		{01BEA37C-0CBB-4DA2-A68B-BE5DDEB9F2CE}.Staging|Any CPU.ActiveCfg = Staging|Any CPU
		{01BEA37C-0CBB-4DA2-A68B-BE5DDEB9F2CE}.Staging|Any CPU.Build.0 = Staging|Any CPU
	EndGlobalSection
	GlobalSection(SolutionProperties) = preSolution
		HideSolutionNode = FALSE
	EndGlobalSection
EndGlobal
